
Microsoft Visual Studio Solution File, Format Version 12.00
# Visual Studio Version 17
VisualStudioVersion = 17.14.37111.16 d17.14
MinimumVisualStudioVersion = 10.0.40219.1
Project("{FAE04EC0-301F-11D3-BF4B-00C04F79EFBC}") = "DBConnect", "DBConnect\DBConnect.csproj", "{F28E0090-4E3E-47A1-A759-5A675BFA296A}"
EndProject
Global
	GlobalSection(SolutionConfigurationPlatforms) = preSolution
		Debug|Any CPU = Debug|Any CPU
		Release|Any CPU = Release|Any CPU
	EndGlobalSection
	GlobalSection(ProjectConfigurationPlatforms) = postSolution
		{F28E0090-4E3E-47A1-A759-5A675BFA296A}.Debug|Any CPU.ActiveCfg = Debug|Any CPU
		{F28E0090-4E3E-47A1-A759-5A675BFA296A}.Debug|Any CPU.Build.0 = Debug|Any CPU
		{F28E0090-4E3E-47A1-A759-5A675BFA296A}.Release|Any CPU.ActiveCfg = Release|Any CPU
		{F28E0090-4E3E-47A1-A759-5A675BFA296A}.Release|Any CPU.Build.0 = Release|Any CPU
	EndGlobalSection
	GlobalSection(SolutionProperties) = preSolution
		HideSolutionNode = FALSE
	EndGlobalSection
	GlobalSection(ExtensibilityGlobals) = postSolution
		SolutionGuid = {8734F2A7-040B-4DF2-867F-053B01228475}
	EndGlobalSection
EndGlobal
